
Microsoft Visual Studio Solution File, Format Version 12.00
# Visual Studio 15
VisualStudioVersion = 15.0.28307.329
MinimumVisualStudioVersion = 10.0.40219.1
Project("{FAE04EC0-301F-11D3-BF4B-00C04F79EFBC}") = "OrderControlMgmt", "OrderControlMgmt\OrderControlMgmt.csproj", "{A0D9F5FE-0AA2-4A0A-A608-7F4722D0558C}"
EndProject
Global
	GlobalSection(SolutionConfigurationPlatforms) = preSolution
		Debug|Any CPU = Debug|Any CPU
		Release|Any CPU = Release|Any CPU
	EndGlobalSection
	GlobalSection(ProjectConfigurationPlatforms) = postSolution
		{A0D9F5FE-0AA2-4A0A-A608-7F4722D0558C}.Debug|Any CPU.ActiveCfg = Debug|Any CPU
		{A0D9F5FE-0AA2-4A0A-A608-7F4722D0558C}.Debug|Any CPU.Build.0 = Debug|Any CPU
		{A0D9F5FE-0AA2-4A0A-A608-7F4722D0558C}.Release|Any CPU.ActiveCfg = Release|Any CPU
		{A0D9F5FE-0AA2-4A0A-A608-7F4722D0558C}.Release|Any CPU.Build.0 = Release|Any CPU
	EndGlobalSection
	GlobalSection(SolutionProperties) = preSolution
		HideSolutionNode = FALSE
	EndGlobalSection
	GlobalSection(ExtensibilityGlobals) = postSolution
		SolutionGuid = {139E9DF3-8C23-4B62-8511-3BBA06B9187A}
	EndGlobalSection
EndGlobal
